
Microsoft Visual Studio Solution File, Format Version 12.00
# Visual Studio Version 17
VisualStudioVersion = 17.7.34221.43
MinimumVisualStudioVersion = 10.0.40219.1
Project("{FAE04EC0-301F-11D3-BF4B-00C04F79EFBC}") = "ImageEnhancerMain", "ImageEnhancerMain\ImageEnhancerMain.csproj", "{C0411BA7-B5A3-44BF-95DA-CBD94F771625}"
	ProjectSection(ProjectDependencies) = postProject
		{ED69E285-B2F6-4E3E-A4E5-A8634C4B52A9} = {ED69E285-B2F6-4E3E-A4E5-A8634C4B52A9}
		{FCAF1246-D2DF-403F-9FB7-6D25A046246F} = {FCAF1246-D2DF-403F-9FB7-6D25A046246F}
	EndProjectSection
EndProject
Project("{8BC9CEB8-8B4A-11D0-8D11-00A0C91BC942}") = "ImageEnhancerASM", "ImageEnhancerASM\ImageEnhancerASM.vcxproj", "{FCAF1246-D2DF-403F-9FB7-6D25A046246F}"
EndProject
Project("{FAE04EC0-301F-11D3-BF4B-00C04F79EFBC}") = "ImageEnhancerCS", "ImageEnhancerCS\ImageEnhancerCS.csproj", "{ED69E285-B2F6-4E3E-A4E5-A8634C4B52A9}"
EndProject
Global
	GlobalSection(SolutionConfigurationPlatforms) = preSolution
		Debug|Any CPU = Debug|Any CPU
		Debug|x64 = Debug|x64
		Debug|x86 = Debug|x86
		Release|Any CPU = Release|Any CPU
		Release|x64 = Release|x64
		Release|x86 = Release|x86
	EndGlobalSection
	GlobalSection(ProjectConfigurationPlatforms) = postSolution
		{C0411BA7-B5A3-44BF-95DA-CBD94F771625}.Debug|Any CPU.ActiveCfg = Debug|Any CPU
		{C0411BA7-B5A3-44BF-95DA-CBD94F771625}.Debug|Any CPU.Build.0 = Debug|Any CPU
		{C0411BA7-B5A3-44BF-95DA-CBD94F771625}.Debug|x64.ActiveCfg = Debug|x64
		{C0411BA7-B5A3-44BF-95DA-CBD94F771625}.Debug|x64.Build.0 = Debug|x64
		{C0411BA7-B5A3-44BF-95DA-CBD94F771625}.Debug|x86.ActiveCfg = Debug|Any CPU
		{C0411BA7-B5A3-44BF-95DA-CBD94F771625}.Debug|x86.Build.0 = Debug|Any CPU
		{C0411BA7-B5A3-44BF-95DA-CBD94F771625}.Release|Any CPU.ActiveCfg = Release|Any CPU
		{C0411BA7-B5A3-44BF-95DA-CBD94F771625}.Release|Any CPU.Build.0 = Release|Any CPU
		{C0411BA7-B5A3-44BF-95DA-CBD94F771625}.Release|x64.ActiveCfg = Release|x64
		{C0411BA7-B5A3-44BF-95DA-CBD94F771625}.Release|x64.Build.0 = Release|x64
		{C0411BA7-B5A3-44BF-95DA-CBD94F771625}.Release|x86.ActiveCfg = Release|Any CPU
		{C0411BA7-B5A3-44BF-95DA-CBD94F771625}.Release|x86.Build.0 = Release|Any CPU
		{FCAF1246-D2DF-403F-9FB7-6D25A046246F}.Debug|Any CPU.ActiveCfg = Debug|x64
		{FCAF1246-D2DF-403F-9FB7-6D25A046246F}.Debug|Any CPU.Build.0 = Debug|x64
		{FCAF1246-D2DF-403F-9FB7-6D25A046246F}.Debug|x64.ActiveCfg = Debug|x64
		{FCAF1246-D2DF-403F-9FB7-6D25A046246F}.Debug|x64.Build.0 = Debug|x64
		{FCAF1246-D2DF-403F-9FB7-6D25A046246F}.Debug|x86.ActiveCfg = Debug|Win32
		{FCAF1246-D2DF-403F-9FB7-6D25A046246F}.Debug|x86.Build.0 = Debug|Win32
		{FCAF1246-D2DF-403F-9FB7-6D25A046246F}.Release|Any CPU.ActiveCfg = Release|x64
		{FCAF1246-D2DF-403F-9FB7-6D25A046246F}.Release|Any CPU.Build.0 = Release|x64
		{FCAF1246-D2DF-403F-9FB7-6D25A046246F}.Release|x64.ActiveCfg = Release|x64
		{FCAF1246-D2DF-403F-9FB7-6D25A046246F}.Release|x64.Build.0 = Release|x64
		{FCAF1246-D2DF-403F-9FB7-6D25A046246F}.Release|x86.ActiveCfg = Release|Win32
		{FCAF1246-D2DF-403F-9FB7-6D25A046246F}.Release|x86.Build.0 = Release|Win32
		{ED69E285-B2F6-4E3E-A4E5-A8634C4B52A9}.Debug|Any CPU.ActiveCfg = Debug|Any CPU
		{ED69E285-B2F6-4E3E-A4E5-A8634C4B52A9}.Debug|Any CPU.Build.0 = Debug|Any CPU
		{ED69E285-B2F6-4E3E-A4E5-A8634C4B52A9}.Debug|x64.ActiveCfg = Debug|Any CPU
		{ED69E285-B2F6-4E3E-A4E5-A8634C4B52A9}.Debug|x64.Build.0 = Debug|Any CPU
		{ED69E285-B2F6-4E3E-A4E5-A8634C4B52A9}.Debug|x86.ActiveCfg = Debug|Any CPU
		{ED69E285-B2F6-4E3E-A4E5-A8634C4B52A9}.Debug|x86.Build.0 = Debug|Any CPU
		{ED69E285-B2F6-4E3E-A4E5-A8634C4B52A9}.Release|Any CPU.ActiveCfg = Release|Any CPU
		{ED69E285-B2F6-4E3E-A4E5-A8634C4B52A9}.Release|Any CPU.Build.0 = Release|Any CPU
		{ED69E285-B2F6-4E3E-A4E5-A8634C4B52A9}.Release|x64.ActiveCfg = Release|x64
		{ED69E285-B2F6-4E3E-A4E5-A8634C4B52A9}.Release|x64.Build.0 = Release|x64
		{ED69E285-B2F6-4E3E-A4E5-A8634C4B52A9}.Release|x86.ActiveCfg = Release|Any CPU
		{ED69E285-B2F6-4E3E-A4E5-A8634C4B52A9}.Release|x86.Build.0 = Release|Any CPU
	EndGlobalSection
	GlobalSection(SolutionProperties) = preSolution
		HideSolutionNode = FALSE
	EndGlobalSection
	GlobalSection(ExtensibilityGlobals) = postSolution
		SolutionGuid = {DADB9982-DC57-4046-8176-44F34D27D1C0}
	EndGlobalSection
EndGlobal
